
Microsoft Visual Studio Solution File, Format Version 12.00
# Visual Studio Version 16
VisualStudioVersion = 16.0.29926.136
MinimumVisualStudioVersion = 10.0.40219.1
Project("{FAE04EC0-301F-11D3-BF4B-00C04F79EFBC}") = "Battleship", "Battleship.csproj", "{3F197FDA-4519-4145-9A52-5659F4B3DFAB}"
EndProject
Global
	GlobalSection(SolutionConfigurationPlatforms) = preSolution
		Debug|Any CPU = Debug|Any CPU
		Release|Any CPU = Release|Any CPU
	EndGlobalSection
	GlobalSection(ProjectConfigurationPlatforms) = postSolution
		{3F197FDA-4519-4145-9A52-5659F4B3DFAB}.Debug|Any CPU.ActiveCfg = Debug|Any CPU
		{3F197FDA-4519-4145-9A52-5659F4B3DFAB}.Debug|Any CPU.Build.0 = Debug|Any CPU
		{3F197FDA-4519-4145-9A52-5659F4B3DFAB}.Release|Any CPU.ActiveCfg = Release|Any CPU
		{3F197FDA-4519-4145-9A52-5659F4B3DFAB}.Release|Any CPU.Build.0 = Release|Any CPU
	EndGlobalSection
	GlobalSection(SolutionProperties) = preSolution
		HideSolutionNode = FALSE
	EndGlobalSection
	GlobalSection(ExtensibilityGlobals) = postSolution
		SolutionGuid = {5859DE40-CB62-4735-B239-13AAE43B8B9D}
	EndGlobalSection
EndGlobal
